hash: cf4b0e8e5be3ac46112d003c0333152eccfa7d9a31bb0b996e8fad3f0925bae1
updated: 2017-03-09T18:15:30.806842461+09:00
imports:
- name: github.com/ProtonMail/go-appdir
  version: 8d01ef4fc20182002039a9d8d7130b104975d130
- name: gopkg.in/yaml.v2
  version: a3f3340b5840cee44f372bddb5880fcbc419b46a
testImports: []
